
Microsoft Visual Studio Solution File, Format Version 12.00
# Visual Studio 15
VisualStudioVersion = 15.0.27703.2042
MinimumVisualStudioVersion = 10.0.40219.1
Project("{FAE04EC0-301F-11D3-BF4B-00C04F79EFBC}") = "BarberApp.Android", "BarberApp\BarberApp.Android\BarberApp.Android.csproj", "{12E22EB4-EF63-410C-B3C2-ED0ED8EBA928}"
EndProject
Project("{FAE04EC0-301F-11D3-BF4B-00C04F79EFBC}") = "BarberApp.iOS", "BarberApp\BarberApp.iOS\BarberApp.iOS.csproj", "{9523B967-4348-462D-8FE4-D21745C6C782}"
EndProject
Project("{FAE04EC0-301F-11D3-BF4B-00C04F79EFBC}") = "BarberApp", "BarberApp\BarberApp\BarberApp.csproj", "{FD21C820-C109-4A76-9EBC-8B37550E3852}"
EndProject
Global
	GlobalSection(SolutionConfigurationPlatforms) = preSolution
		Ad-Hoc|Any CPU = Ad-Hoc|Any CPU
		Ad-Hoc|iPhone = Ad-Hoc|iPhone
		Ad-Hoc|iPhoneSimulator = Ad-Hoc|iPhoneSimulator
		AppStore|Any CPU = AppStore|Any CPU
		AppStore|iPhone = AppStore|iPhone
		AppStore|iPhoneSimulator = AppStore|iPhoneSimulator
		Debug|Any CPU = Debug|Any CPU
		Debug|iPhone = Debug|iPhone
		Debug|iPhoneSimulator = Debug|iPhoneSimulator
		Release|Any CPU = Release|Any CPU
		Release|iPhone = Release|iPhone
		Release|iPhoneSimulator = Release|iPhoneSimulator
	EndGlobalSection
	GlobalSection(ProjectConfigurationPlatforms) = postSolution
		{12E22EB4-EF63-410C-B3C2-ED0ED8EBA928}.Ad-Hoc|Any CPU.ActiveCfg = Release|Any CPU
		{12E22EB4-EF63-410C-B3C2-ED0ED8EBA928}.Ad-Hoc|Any CPU.Build.0 = Release|Any CPU
		{12E22EB4-EF63-410C-B3C2-ED0ED8EBA928}.Ad-Hoc|Any CPU.Deploy.0 = Release|Any CPU
		{12E22EB4-EF63-410C-B3C2-ED0ED8EBA928}.Ad-Hoc|iPhone.ActiveCfg = Release|Any CPU
		{12E22EB4-EF63-410C-B3C2-ED0ED8EBA928}.Ad-Hoc|iPhone.Build.0 = Release|Any CPU
		{12E22EB4-EF63-410C-B3C2-ED0ED8EBA928}.Ad-Hoc|iPhone.Deploy.0 = Release|Any CPU
		{12E22EB4-EF63-410C-B3C2-ED0ED8EBA928}.Ad-Hoc|iPhoneSimulator.ActiveCfg = Release|Any CPU
		{12E22EB4-EF63-410C-B3C2-ED0ED8EBA928}.Ad-Hoc|iPhoneSimulator.Build.0 = Release|Any CPU
		{12E22EB4-EF63-410C-B3C2-ED0ED8EBA928}.Ad-Hoc|iPhoneSimulator.Deploy.0 = Release|Any CPU
		{12E22EB4-EF63-410C-B3C2-ED0ED8EBA928}.AppStore|Any CPU.ActiveCfg = Release|Any CPU
		{12E22EB4-EF63-410C-B3C2-ED0ED8EBA928}.AppStore|Any CPU.Build.0 = Release|Any CPU
		{12E22EB4-EF63-410C-B3C2-ED0ED8EBA928}.AppStore|Any CPU.Deploy.0 = Release|Any CPU
		{12E22EB4-EF63-410C-B3C2-ED0ED8EBA928}.AppStore|iPhone.ActiveCfg = Release|Any CPU
		{12E22EB4-EF63-410C-B3C2-ED0ED8EBA928}.AppStore|iPhone.Build.0 = Release|Any CPU
		{12E22EB4-EF63-410C-B3C2-ED0ED8EBA928}.AppStore|iPhone.Deploy.0 = Release|Any CPU
		{12E22EB4-EF63-410C-B3C2-ED0ED8EBA928}.AppStore|iPhoneSimulator.ActiveCfg = Release|Any CPU
		{12E22EB4-EF63-410C-B3C2-ED0ED8EBA928}.AppStore|iPhoneSimulator.Build.0 = Release|Any CPU
		{12E22EB4-EF63-410C-B3C2-ED0ED8EBA928}.AppStore|iPhoneSimulator.Deploy.0 = Release|Any CPU
		{12E22EB4-EF63-410C-B3C2-ED0ED8EBA928}.Debug|Any CPU.ActiveCfg = Debug|Any CPU
		{12E22EB4-EF63-410C-B3C2-ED0ED8EBA928}.Debug|Any CPU.Build.0 = Debug|Any CPU
		{12E22EB4-EF63-410C-B3C2-ED0ED8EBA928}.Debug|Any CPU.Deploy.0 = Debug|Any CPU
		{12E22EB4-EF63-410C-B3C2-ED0ED8EBA928}.Debug|iPhone.ActiveCfg = Debug|Any CPU
		{12E22EB4-EF63-410C-B3C2-ED0ED8EBA928}.Debug|iPhone.Build.0 = Debug|Any CPU
		{12E22EB4-EF63-410C-B3C2-ED0ED8EBA928}.Debug|iPhone.Deploy.0 = Debug|Any CPU
		{12E22EB4-EF63-410C-B3C2-ED0ED8EBA928}.Debug|iPhoneSimulator.ActiveCfg = Debug|Any CPU
		{12E22EB4-EF63-410C-B3C2-ED0ED8EBA928}.Debug|iPhoneSimulator.Build.0 = Debug|Any CPU
		{12E22EB4-EF63-410C-B3C2-ED0ED8EBA928}.Debug|iPhoneSimulator.Deploy.0 = Debug|Any CPU
		{12E22EB4-EF63-410C-B3C2-ED0ED8EBA928}.Release|Any CPU.ActiveCfg = Release|Any CPU
		{12E22EB4-EF63-410C-B3C2-ED0ED8EBA928}.Release|Any CPU.Build.0 = Release|Any CPU
		{12E22EB4-EF63-410C-B3C2-ED0ED8EBA928}.Release|Any CPU.Deploy.0 = Release|Any CPU
		{12E22EB4-EF63-410C-B3C2-ED0ED8EBA928}.Release|iPhone.ActiveCfg = Release|Any CPU
		{12E22EB4-EF63-410C-B3C2-ED0ED8EBA928}.Release|iPhone.Build.0 = Release|Any CPU
		{12E22EB4-EF63-410C-B3C2-ED0ED8EBA928}.Release|iPhone.Deploy.0 = Release|Any CPU
		{12E22EB4-EF63-410C-B3C2-ED0ED8EBA928}.Release|iPhoneSimulator.ActiveCfg = Release|Any CPU
		{12E22EB4-EF63-410C-B3C2-ED0ED8EBA928}.Release|iPhoneSimulator.Build.0 = Release|Any CPU
		{12E22EB4-EF63-410C-B3C2-ED0ED8EBA928}.Release|iPhoneSimulator.Deploy.0 = Release|Any CPU
		{9523B967-4348-462D-8FE4-D21745C6C782}.Ad-Hoc|Any CPU.ActiveCfg = Ad-Hoc|iPhone
		{9523B967-4348-462D-8FE4-D21745C6C782}.Ad-Hoc|Any CPU.Build.0 = Ad-Hoc|iPhone
		{9523B967-4348-462D-8FE4-D21745C6C782}.Ad-Hoc|Any CPU.Deploy.0 = Ad-Hoc|iPhone
		{9523B967-4348-462D-8FE4-D21745C6C782}.Ad-Hoc|iPhone.ActiveCfg = Ad-Hoc|iPhone
		{9523B967-4348-462D-8FE4-D21745C6C782}.Ad-Hoc|iPhone.Build.0 = Ad-Hoc|iPhone
		{9523B967-4348-462D-8FE4-D21745C6C782}.Ad-Hoc|iPhone.Deploy.0 = Ad-Hoc|iPhone
		{9523B967-4348-462D-8FE4-D21745C6C782}.Ad-Hoc|iPhoneSimulator.ActiveCfg = Ad-Hoc|iPhoneSimulator
		{9523B967-4348-462D-8FE4-D21745C6C782}.Ad-Hoc|iPhoneSimulator.Build.0 = Ad-Hoc|iPhoneSimulator
		{9523B967-4348-462D-8FE4-D21745C6C782}.Ad-Hoc|iPhoneSimulator.Deploy.0 = Ad-Hoc|iPhoneSimulator
		{9523B967-4348-462D-8FE4-D21745C6C782}.AppStore|Any CPU.ActiveCfg = AppStore|iPhone
		{9523B967-4348-462D-8FE4-D21745C6C782}.AppStore|Any CPU.Build.0 = AppStore|iPhone
		{9523B967-4348-462D-8FE4-D21745C6C782}.AppStore|Any CPU.Deploy.0 = AppStore|iPhone
		{9523B967-4348-462D-8FE4-D21745C6C782}.AppStore|iPhone.ActiveCfg = AppStore|iPhone
		{9523B967-4348-462D-8FE4-D21745C6C782}.AppStore|iPhone.Build.0 = AppStore|iPhone
		{9523B967-4348-462D-8FE4-D21745C6C782}.AppStore|iPhone.Deploy.0 = AppStore|iPhone
		{9523B967-4348-462D-8FE4-D21745C6C782}.AppStore|iPhoneSimulator.ActiveCfg = AppStore|iPhoneSimulator
		{9523B967-4348-462D-8FE4-D21745C6C782}.AppStore|iPhoneSimulator.Build.0 = AppStore|iPhoneSimulator
		{9523B967-4348-462D-8FE4-D21745C6C782}.AppStore|iPhoneSimulator.Deploy.0 = AppStore|iPhoneSimulator
		{9523B967-4348-462D-8FE4-D21745C6C782}.Debug|Any CPU.ActiveCfg = Debug|iPhoneSimulator
		{9523B967-4348-462D-8FE4-D21745C6C782}.Debug|Any CPU.Build.0 = Debug|iPhoneSimulator
		{9523B967-4348-462D-8FE4-D21745C6C782}.Debug|Any CPU.Deploy.0 = Debug|iPhoneSimulator
		{9523B967-4348-462D-8FE4-D21745C6C782}.Debug|iPhone.ActiveCfg = Debug|iPhone
		{9523B967-4348-462D-8FE4-D21745C6C782}.Debug|iPhone.Build.0 = Debug|iPhone
		{9523B967-4348-462D-8FE4-D21745C6C782}.Debug|iPhone.Deploy.0 = Debug|iPhone
		{9523B967-4348-462D-8FE4-D21745C6C782}.Debug|iPhoneSimulator.ActiveCfg = Debug|iPhoneSimulator
		{9523B967-4348-462D-8FE4-D21745C6C782}.Debug|iPhoneSimulator.Build.0 = Debug|iPhoneSimulator
		{9523B967-4348-462D-8FE4-D21745C6C782}.Debug|iPhoneSimulator.Deploy.0 = Debug|iPhoneSimulator
		{9523B967-4348-462D-8FE4-D21745C6C782}.Release|Any CPU.ActiveCfg = Release|iPhone
		{9523B967-4348-462D-8FE4-D21745C6C782}.Release|Any CPU.Build.0 = Release|iPhone
		{9523B967-4348-462D-8FE4-D21745C6C782}.Release|Any CPU.Deploy.0 = Release|iPhone
		{9523B967-4348-462D-8FE4-D21745C6C782}.Release|iPhone.ActiveCfg = Release|iPhone
		{9523B967-4348-462D-8FE4-D21745C6C782}.Release|iPhone.Build.0 = Release|iPhone
		{9523B967-4348-462D-8FE4-D21745C6C782}.Release|iPhone.Deploy.0 = Release|iPhone
		{9523B967-4348-462D-8FE4-D21745C6C782}.Release|iPhoneSimulator.ActiveCfg = Release|iPhoneSimulator
		{9523B967-4348-462D-8FE4-D21745C6C782}.Release|iPhoneSimulator.Build.0 = Release|iPhoneSimulator
		{9523B967-4348-462D-8FE4-D21745C6C782}.Release|iPhoneSimulator.Deploy.0 = Release|iPhoneSimulator
		{FD21C820-C109-4A76-9EBC-8B37550E3852}.Ad-Hoc|Any CPU.ActiveCfg = Debug|Any CPU
		{FD21C820-C109-4A76-9EBC-8B37550E3852}.Ad-Hoc|Any CPU.Build.0 = Debug|Any CPU
		{FD21C820-C109-4A76-9EBC-8B37550E3852}.Ad-Hoc|Any CPU.Deploy.0 = Debug|Any CPU
		{FD21C820-C109-4A76-9EBC-8B37550E3852}.Ad-Hoc|iPhone.ActiveCfg = Debug|Any CPU
		{FD21C820-C109-4A76-9EBC-8B37550E3852}.Ad-Hoc|iPhone.Build.0 = Debug|Any CPU
		{FD21C820-C109-4A76-9EBC-8B37550E3852}.Ad-Hoc|iPhone.Deploy.0 = Debug|Any CPU
		{FD21C820-C109-4A76-9EBC-8B37550E3852}.Ad-Hoc|iPhoneSimulator.ActiveCfg = Debug|Any CPU
		{FD21C820-C109-4A76-9EBC-8B37550E3852}.Ad-Hoc|iPhoneSimulator.Build.0 = Debug|Any CPU
		{FD21C820-C109-4A76-9EBC-8B37550E3852}.Ad-Hoc|iPhoneSimulator.Deploy.0 = Debug|Any CPU
		{FD21C820-C109-4A76-9EBC-8B37550E3852}.AppStore|Any CPU.ActiveCfg = Debug|Any CPU
		{FD21C820-C109-4A76-9EBC-8B37550E3852}.AppStore|Any CPU.Build.0 = Debug|Any CPU
		{FD21C820-C109-4A76-9EBC-8B37550E3852}.AppStore|Any CPU.Deploy.0 = Debug|Any CPU
		{FD21C820-C109-4A76-9EBC-8B37550E3852}.AppStore|iPhone.ActiveCfg = Debug|Any CPU
		{FD21C820-C109-4A76-9EBC-8B37550E3852}.AppStore|iPhone.Build.0 = Debug|Any CPU
		{FD21C820-C109-4A76-9EBC-8B37550E3852}.AppStore|iPhone.Deploy.0 = Debug|Any CPU
		{FD21C820-C109-4A76-9EBC-8B37550E3852}.AppStore|iPhoneSimulator.ActiveCfg = Debug|Any CPU
		{FD21C820-C109-4A76-9EBC-8B37550E3852}.AppStore|iPhoneSimulator.Build.0 = Debug|Any CPU
		{FD21C820-C109-4A76-9EBC-8B37550E3852}.AppStore|iPhoneSimulator.Deploy.0 = Debug|Any CPU
		{FD21C820-C109-4A76-9EBC-8B37550E3852}.Debug|Any CPU.ActiveCfg = Debug|Any CPU
		{FD21C820-C109-4A76-9EBC-8B37550E3852}.Debug|Any CPU.Build.0 = Debug|Any CPU
		{FD21C820-C109-4A76-9EBC-8B37550E3852}.Debug|Any CPU.Deploy.0 = Debug|Any CPU
		{FD21C820-C109-4A76-9EBC-8B37550E3852}.Debug|iPhone.ActiveCfg = Debug|Any CPU
		{FD21C820-C109-4A76-9EBC-8B37550E3852}.Debug|iPhone.Build.0 = Debug|Any CPU
		{FD21C820-C109-4A76-9EBC-8B37550E3852}.Debug|iPhone.Deploy.0 = Debug|Any CPU
		{FD21C820-C109-4A76-9EBC-8B37550E3852}.Debug|iPhoneSimulator.ActiveCfg = Debug|Any CPU
		{FD21C820-C109-4A76-9EBC-8B37550E3852}.Debug|iPhoneSimulator.Build.0 = Debug|Any CPU
		{FD21C820-C109-4A76-9EBC-8B37550E3852}.Debug|iPhoneSimulator.Deploy.0 = Debug|Any CPU
		{FD21C820-C109-4A76-9EBC-8B37550E3852}.Release|Any CPU.ActiveCfg = Release|Any CPU
		{FD21C820-C109-4A76-9EBC-8B37550E3852}.Release|Any CPU.Build.0 = Release|Any CPU
		{FD21C820-C109-4A76-9EBC-8B37550E3852}.Release|Any CPU.Deploy.0 = Release|Any CPU
		{FD21C820-C109-4A76-9EBC-8B37550E3852}.Release|iPhone.ActiveCfg = Release|Any CPU
		{FD21C820-C109-4A76-9EBC-8B37550E3852}.Release|iPhone.Build.0 = Release|Any CPU
		{FD21C820-C109-4A76-9EBC-8B37550E3852}.Release|iPhone.Deploy.0 = Release|Any CPU
		{FD21C820-C109-4A76-9EBC-8B37550E3852}.Release|iPhoneSimulator.ActiveCfg = Release|Any CPU
		{FD21C820-C109-4A76-9EBC-8B37550E3852}.Release|iPhoneSimulator.Build.0 = Release|Any CPU
		{FD21C820-C109-4A76-9EBC-8B37550E3852}.Release|iPhoneSimulator.Deploy.0 = Release|Any CPU
	EndGlobalSection
	GlobalSection(SolutionProperties) = preSolution
		HideSolutionNode = FALSE
	EndGlobalSection
	GlobalSection(ExtensibilityGlobals) = postSolution
		SolutionGuid = {BDD9EE7C-E907-4D51-A370-B3AE42DE7DE7}
	EndGlobalSection
EndGlobal
